# This file is automatically @generated by Cargo.
# It is not intended for manual editing.
[[package]]
name = "base64"
version = "0.9.3"
source = "registry+https://github.com/rust-lang/crates.io-index"
checksum = "489d6c0ed21b11d038c31b6ceccca973e65d73ba3bd8ecb9a2babf5546164643"
dependencies = [
 "byteorder",
 "safemem",
]

[[package]]
name = "base64"
version = "0.11.0"
source = "registry+https://github.com/rust-lang/crates.io-index"
checksum = "b41b7ea54a0c9d92199de89e20e58d49f02f8e699814ef3fdf266f6f748d15c7"

[[package]]
name = "base_server"
version = "0.1.0"
source = "git+https://github.com/lcdr/base_server?rev=ceab34fa72eec611f728732dbe0d7fc181d98bc8#ceab34fa72eec611f728732dbe0d7fc181d98bc8"
dependencies = [
 "endio",
 "lu_packets",
 "rustls",
 "serde",
 "toml",
 "webpki",
 "webpki-roots",
]

[[package]]
name = "bcrypt"
version = "0.6.1"
source = "registry+https://github.com/rust-lang/crates.io-index"
checksum = "28dff1c1a22f9401213d983f6c309e807e72c33d5dc5514fe5005b0205c46e8f"
dependencies = [
 "base64 0.11.0",
 "blowfish",
 "byteorder",
 "lazy_static",
 "rand",
]

[[package]]
name = "block-cipher-trait"
version = "0.6.2"
source = "registry+https://github.com/rust-lang/crates.io-index"
checksum = "1c924d49bd09e7c06003acda26cd9742e796e34282ec6c1189404dee0c1f4774"
dependencies = [
 "generic-array",
]

[[package]]
name = "blowfish"
version = "0.4.0"
source = "registry+https://github.com/rust-lang/crates.io-index"
checksum = "6aeb80d00f2688459b8542068abd974cfb101e7a82182414a99b5026c0d85cc3"
dependencies = [
 "block-cipher-trait",
 "byteorder",
 "opaque-debug",
]

[[package]]
name = "byteorder"
version = "1.3.2"
source = "registry+https://github.com/rust-lang/crates.io-index"
checksum = "a7c3dd8985a7111efc5c80b44e23ecdd8c007de8ade3b96595387e812b957cf5"

[[package]]
name = "c2-chacha"
version = "0.2.3"
source = "registry+https://github.com/rust-lang/crates.io-index"
checksum = "214238caa1bf3a496ec3392968969cab8549f96ff30652c9e56885329315f6bb"
dependencies = [
 "ppv-lite86",
]

[[package]]
name = "cc"
version = "1.0.45"
source = "registry+https://github.com/rust-lang/crates.io-index"
checksum = "4fc9a35e1f4290eb9e5fc54ba6cf40671ed2a2514c3eeb2b2a908dda2ea5a1be"

[[package]]
name = "cfg-if"
version = "0.1.10"
source = "registry+https://github.com/rust-lang/crates.io-index"
checksum = "4785bdd1c96b2a846b2bd7cc02e86b6b3dbf14e7e53446c4f54c92a361040822"

[[package]]
name = "diesel"
version = "1.4.3"
source = "registry+https://github.com/rust-lang/crates.io-index"
checksum = "9d7cc03b910de9935007861dce440881f69102aaaedfd4bc5a6f40340ca5840c"
dependencies = [
 "byteorder",
 "diesel_derives",
 "libsqlite3-sys",
]

[[package]]
name = "diesel_derives"
version = "1.4.1"
source = "registry+https://github.com/rust-lang/crates.io-index"
checksum = "45f5098f628d02a7a0f68ddba586fb61e80edec3bdc1be3b921f4ceec60858d3"
dependencies = [
 "proc-macro2",
 "quote",
 "syn",
]

[[package]]
name = "endio"
version = "0.1.0"
source = "registry+https://github.com/rust-lang/crates.io-index"
checksum = "90b1bf74d0f2266e71301801e003d7b0639c91a0630402c1b8fc3a1eef2a6dbd"

[[package]]
name = "generic-array"
version = "0.12.3"
source = "registry+https://github.com/rust-lang/crates.io-index"
checksum = "c68f0274ae0e023facc3c97b2e00f076be70e254bc851d972503b328db79b2ec"
dependencies = [
 "typenum",
]

[[package]]
name = "getrandom"
version = "0.1.14"
source = "registry+https://github.com/rust-lang/crates.io-index"
checksum = "7abc8dd8451921606d809ba32e95b6111925cd2906060d2dcc29c070220503eb"
dependencies = [
 "cfg-if",
 "libc",
 "wasi",
]

[[package]]
name = "lazy_static"
version = "1.4.0"
source = "registry+https://github.com/rust-lang/crates.io-index"
checksum = "e2abad23fbc42b3700f2f279844dc832adb2b2eb069b2df918f455c4e18cc646"

[[package]]
name = "libc"
version = "0.2.66"
source = "registry+https://github.com/rust-lang/crates.io-index"
checksum = "d515b1f41455adea1313a4a2ac8a8a477634fbae63cc6100e3aebb207ce61558"

[[package]]
name = "libsqlite3-sys"
version = "0.9.3"
source = "registry+https://github.com/rust-lang/crates.io-index"
checksum = "d3711dfd91a1081d2458ad2d06ea30a8755256e74038be2ad927d94e1c955ca8"
dependencies = [
 "cc",
 "pkg-config",
 "vcpkg",
]

[[package]]
name = "log"
version = "0.4.8"
source = "registry+https://github.com/rust-lang/crates.io-index"
checksum = "14b6052be84e6b71ab17edffc2eeabf5c2c3ae1fdb464aae35ac50c67a44e1f7"
dependencies = [
 "cfg-if",
]

[[package]]
name = "lu_packets"
version = "0.1.0"
source = "git+https://github.com/lcdr/lu_packets?rev=b899ce7bcf59a7445a33bd4ad4e66b0869321c86#b899ce7bcf59a7445a33bd4ad4e66b0869321c86"
dependencies = [
 "endio",
]

[[package]]
name = "opaque-debug"
version = "0.2.3"
source = "registry+https://github.com/rust-lang/crates.io-index"
checksum = "2839e79665f131bdb5782e51f2c6c9599c133c6098982a54c794358bf432529c"

[[package]]
name = "pkg-config"
version = "0.3.17"
source = "registry+https://github.com/rust-lang/crates.io-index"
checksum = "05da548ad6865900e60eaba7f589cc0783590a92e940c26953ff81ddbab2d677"

[[package]]
name = "ppv-lite86"
version = "0.2.6"
source = "registry+https://github.com/rust-lang/crates.io-index"
checksum = "74490b50b9fbe561ac330df47c08f3f33073d2d00c150f719147d7c54522fa1b"

[[package]]
name = "proc-macro2"
version = "1.0.8"
source = "registry+https://github.com/rust-lang/crates.io-index"
checksum = "3acb317c6ff86a4e579dfa00fc5e6cca91ecbb4e7eb2df0468805b674eb88548"
dependencies = [
 "unicode-xid",
]

[[package]]
name = "quote"
version = "1.0.2"
source = "registry+https://github.com/rust-lang/crates.io-index"
checksum = "053a8c8bcc71fcce321828dc897a98ab9760bef03a4fc36693c231e5b3216cfe"
dependencies = [
 "proc-macro2",
]

[[package]]
name = "rand"
version = "0.7.3"
source = "registry+https://github.com/rust-lang/crates.io-index"
checksum = "6a6b1679d49b24bbfe0c803429aa1874472f50d9b363131f0e89fc356b544d03"
dependencies = [
 "getrandom",
 "libc",
 "rand_chacha",
 "rand_core",
 "rand_hc",
]

[[package]]
name = "rand_chacha"
version = "0.2.1"
source = "registry+https://github.com/rust-lang/crates.io-index"
checksum = "03a2a90da8c7523f554344f921aa97283eadf6ac484a6d2a7d0212fa7f8d6853"
dependencies = [
 "c2-chacha",
 "rand_core",
]

[[package]]
name = "rand_core"
version = "0.5.1"
source = "registry+https://github.com/rust-lang/crates.io-index"
checksum = "90bde5296fc891b0cef12a6d03ddccc162ce7b2aff54160af9338f8d40df6d19"
dependencies = [
 "getrandom",
]

[[package]]
name = "rand_hc"
version = "0.2.0"
source = "registry+https://github.com/rust-lang/crates.io-index"
checksum = "ca3129af7b92a17112d59ad498c6f81eaf463253766b90396d39ea7a39d6613c"
dependencies = [
 "rand_core",
]

[[package]]
name = "ring"
version = "0.13.5"
source = "registry+https://github.com/rust-lang/crates.io-index"
checksum = "2c4db68a2e35f3497146b7e4563df7d4773a2433230c5e4b448328e31740458a"
dependencies = [
 "cc",
 "lazy_static",
 "libc",
 "untrusted",
]

[[package]]
name = "rustls"
version = "0.14.0"
source = "registry+https://github.com/rust-lang/crates.io-index"
checksum = "8b7891791343c75b73ed9a18cadcafd8c8563d11a88ebe2d87f5b8a3182654d9"
dependencies = [
 "base64 0.9.3",
 "log",
 "ring",
 "sct",
 "untrusted",
 "webpki",
]

[[package]]
name = "safemem"
version = "0.3.2"
source = "registry+https://github.com/rust-lang/crates.io-index"
checksum = "d2b08423011dae9a5ca23f07cf57dac3857f5c885d352b76f6d95f4aea9434d0"

[[package]]
name = "sct"
version = "0.4.0"
source = "registry+https://github.com/rust-lang/crates.io-index"
checksum = "cb8f61f9e6eadd062a71c380043d28036304a4706b3c4dd001ff3387ed00745a"
dependencies = [
 "ring",
 "untrusted",
]

[[package]]
name = "serde"
version = "1.0.104"
source = "registry+https://github.com/rust-lang/crates.io-index"
checksum = "414115f25f818d7dfccec8ee535d76949ae78584fc4f79a6f45a904bf8ab4449"
dependencies = [
 "serde_derive",
]

[[package]]
name = "serde_derive"
version = "1.0.104"
source = "registry+https://github.com/rust-lang/crates.io-index"
checksum = "128f9e303a5a29922045a830221b8f78ec74a5f544944f3d5984f8ec3895ef64"
dependencies = [
 "proc-macro2",
 "quote",
 "syn",
]

[[package]]
name = "sso_auth"
version = "0.1.0"
dependencies = [
 "base_server",
 "bcrypt",
 "diesel",
 "endio",
 "libsqlite3-sys",
 "lu_packets",
 "rand",
 "rustls",
 "serde",
 "toml",
 "webpki",
 "webpki-roots",
]

[[package]]
name = "syn"
version = "1.0.14"
source = "registry+https://github.com/rust-lang/crates.io-index"
checksum = "af6f3550d8dff9ef7dc34d384ac6f107e5d31c8f57d9f28e0081503f547ac8f5"
dependencies = [
 "proc-macro2",
 "quote",
 "unicode-xid",
]

[[package]]
name = "toml"
version = "0.5.6"
source = "registry+https://github.com/rust-lang/crates.io-index"
checksum = "ffc92d160b1eef40665be3a05630d003936a3bc7da7421277846c2613e92c71a"
dependencies = [
 "serde",
]

[[package]]
name = "typenum"
version = "1.11.2"
source = "registry+https://github.com/rust-lang/crates.io-index"
checksum = "6d2783fe2d6b8c1101136184eb41be8b1ad379e4657050b8aaff0c79ee7575f9"

[[package]]
name = "unicode-xid"
version = "0.2.0"
source = "registry+https://github.com/rust-lang/crates.io-index"
checksum = "826e7639553986605ec5979c7dd957c7895e93eabed50ab2ffa7f6128a75097c"

[[package]]
name = "untrusted"
version = "0.6.2"
source = "registry+https://github.com/rust-lang/crates.io-index"
checksum = "55cd1f4b4e96b46aeb8d4855db4a7a9bd96eeeb5c6a1ab54593328761642ce2f"

[[package]]
name = "vcpkg"
version = "0.2.8"
source = "registry+https://github.com/rust-lang/crates.io-index"
checksum = "3fc439f2794e98976c88a2a2dafce96b930fe8010b0a256b3c2199a773933168"

[[package]]
name = "wasi"
version = "0.9.0+wasi-snapshot-preview1"
source = "registry+https://github.com/rust-lang/crates.io-index"
checksum = "cccddf32554fecc6acb585f82a32a72e28b48f8c4c1883ddfeeeaa96f7d8e519"

[[package]]
name = "webpki"
version = "0.18.1"
source = "registry+https://github.com/rust-lang/crates.io-index"
checksum = "17d7967316d8411ca3b01821ee6c332bde138ba4363becdb492f12e514daa17f"
dependencies = [
 "ring",
 "untrusted",
]

[[package]]
name = "webpki-roots"
version = "0.15.0"
source = "registry+https://github.com/rust-lang/crates.io-index"
checksum = "85d1f408918fd590908a70d36b7ac388db2edc221470333e4d6e5b598e44cabf"
dependencies = [
 "untrusted",
 "webpki",
]
